
Microsoft Visual Studio Solution File, Format Version 12.00
# Visual Studio Version 16
VisualStudioVersion = 16.0.30204.135
MinimumVisualStudioVersion = 10.0.40219.1
Project("{FAE04EC0-301F-11D3-BF4B-00C04F79EFBC}") = "asp.net web app", "asp.net web app.csproj", "{CBFDA295-7553-42D0-A741-6E869D2FB8D4}"
EndProject
Global
	GlobalSection(SolutionConfigurationPlatforms) = preSolution
		Debug|Any CPU = Debug|Any CPU
		Release|Any CPU = Release|Any CPU
	EndGlobalSection
	GlobalSection(ProjectConfigurationPlatforms) = postSolution
		{CBFDA295-7553-42D0-A741-6E869D2FB8D4}.Debug|Any CPU.ActiveCfg = Debug|Any CPU
		{CBFDA295-7553-42D0-A741-6E869D2FB8D4}.Debug|Any CPU.Build.0 = Debug|Any CPU
		{CBFDA295-7553-42D0-A741-6E869D2FB8D4}.Release|Any CPU.ActiveCfg = Release|Any CPU
		{CBFDA295-7553-42D0-A741-6E869D2FB8D4}.Release|Any CPU.Build.0 = Release|Any CPU
	EndGlobalSection
	GlobalSection(SolutionProperties) = preSolution
		HideSolutionNode = FALSE
	EndGlobalSection
	GlobalSection(ExtensibilityGlobals) = postSolution
		SolutionGuid = {A5680B9B-BBD6-4B24-A2D5-3BA126A71CE5}
	EndGlobalSection
EndGlobal
